
Microsoft Visual Studio Solution File, Format Version 12.00
# Visual Studio Version 16
VisualStudioVersion = 16.0.31515.178
MinimumVisualStudioVersion = 10.0.40219.1
Project("{FAE04EC0-301F-11D3-BF4B-00C04F79EFBC}") = "Explorer", "Explorer\Explorer.csproj", "{58A685F8-E8BE-469F-BA3C-D4687F5165B1}"
EndProject
Global
	GlobalSection(SolutionConfigurationPlatforms) = preSolution
		Debug|Any CPU = Debug|Any CPU
		Release|Any CPU = Release|Any CPU
	EndGlobalSection
	GlobalSection(ProjectConfigurationPlatforms) = postSolution
		{58A685F8-E8BE-469F-BA3C-D4687F5165B1}.Debug|Any CPU.ActiveCfg = Debug|Any CPU
		{58A685F8-E8BE-469F-BA3C-D4687F5165B1}.Debug|Any CPU.Build.0 = Debug|Any CPU
		{58A685F8-E8BE-469F-BA3C-D4687F5165B1}.Release|Any CPU.ActiveCfg = Release|Any CPU
		{58A685F8-E8BE-469F-BA3C-D4687F5165B1}.Release|Any CPU.Build.0 = Release|Any CPU
	EndGlobalSection
	GlobalSection(SolutionProperties) = preSolution
		HideSolutionNode = FALSE
	EndGlobalSection
	GlobalSection(ExtensibilityGlobals) = postSolution
		SolutionGuid = {4F00B562-AD78-439E-BC8B-0CA2EB4F5942}
	EndGlobalSection
EndGlobal
